
Microsoft Visual Studio Solution File, Format Version 12.00
# Visual Studio Version 16
VisualStudioVersion = 16.0.32630.194
MinimumVisualStudioVersion = 10.0.40219.1
Project("{FAE04EC0-301F-11D3-BF4B-00C04F79EFBC}") = "MailSenderService", "MailSenderService\MailSenderService.csproj", "{852A4A57-03E4-452E-9DBB-4C9C60F2356A}"
EndProject
Global
	GlobalSection(SolutionConfigurationPlatforms) = preSolution
		Debug|Any CPU = Debug|Any CPU
		Release|Any CPU = Release|Any CPU
	EndGlobalSection
	GlobalSection(ProjectConfigurationPlatforms) = postSolution
		{852A4A57-03E4-452E-9DBB-4C9C60F2356A}.Debug|Any CPU.ActiveCfg = Debug|Any CPU
		{852A4A57-03E4-452E-9DBB-4C9C60F2356A}.Debug|Any CPU.Build.0 = Debug|Any CPU
		{852A4A57-03E4-452E-9DBB-4C9C60F2356A}.Release|Any CPU.ActiveCfg = Release|Any CPU
		{852A4A57-03E4-452E-9DBB-4C9C60F2356A}.Release|Any CPU.Build.0 = Release|Any CPU
	EndGlobalSection
	GlobalSection(SolutionProperties) = preSolution
		HideSolutionNode = FALSE
	EndGlobalSection
	GlobalSection(ExtensibilityGlobals) = postSolution
		SolutionGuid = {16F8B4F6-0468-43AB-A436-1B906506BAE4}
	EndGlobalSection
EndGlobal
